// !$*UTF8*$!
{
	archiveVersion = 1;
	classes = {
	};
	objectVersion = 56;
	objects = {

/* Begin PBXBuildFile section */
		335A3645296DF0E600D2341A /* landmarkData.json in Resources */ = {isa = PBXBuildFile; fileRef = 335A3644296DF0E600D2341A /* landmarkData.json */; };
		335A3647296DF0FF00D2341A /* Landmark.swift in Sources */ = {isa = PBXBuildFile; fileRef = 335A3646296DF0FF00D2341A /* Landmark.swift */; };
		335A3649296DF1CE00D2341A /* ModelData.swift in Sources */ = {isa = PBXBuildFile; fileRef = 335A3648296DF1CE00D2341A /* ModelData.swift */; };
		335A364E296DF25300D2341A /* LandmarkRow.swift in Sources */ = {isa = PBXBuildFile; fileRef = 335A364D296DF25300D2341A /* LandmarkRow.swift */; };
		335A3650296DF35800D2341A /* LandmarkList.swift in Sources */ = {isa = PBXBuildFile; fileRef = 335A364F296DF35700D2341A /* LandmarkList.swift */; };
		335A3652296DF43000D2341A /* LandmarkDetail.swift in Sources */ = {isa = PBXBuildFile; fileRef = 335A3651296DF43000D2341A /* LandmarkDetail.swift */; };
		335A3654296FAD6700D2341A /* FavoriteButton.swift in Sources */ = {isa = PBXBuildFile; fileRef = 335A3653296FAD6700D2341A /* FavoriteButton.swift */; };
		335A3658297085E900D2341A /* HexagonParameters.swift in Sources */ = {isa = PBXBuildFile; fileRef = 335A3657297085E900D2341A /* HexagonParameters.swift */; };
		335A365A2970865100D2341A /* BadgeBackground.swift in Sources */ = {isa = PBXBuildFile; fileRef = 335A36592970865100D2341A /* BadgeBackground.swift */; };
		335A365C29708BF300D2341A /* BadgeSymbol.swift in Sources */ = {isa = PBXBuildFile; fileRef = 335A365B29708BF300D2341A /* BadgeSymbol.swift */; };
		335A365E29708C5E00D2341A /* RotatedBadgeSymbol.swift in Sources */ = {isa = PBXBuildFile; fileRef = 335A365D29708C5E00D2341A /* RotatedBadgeSymbol.swift */; };
		335A366029708C8300D2341A /* Badge.swift in Sources */ = {isa = PBXBuildFile; fileRef = 335A365F29708C8300D2341A /* Badge.swift */; };
		335A3663297095C600D2341A /* hikeData.json in Resources */ = {isa = PBXBuildFile; fileRef = 335A3662297095C600D2341A /* hikeData.json */; };
		335A3665297095DF00D2341A /* Hike.swift in Sources */ = {isa = PBXBuildFile; fileRef = 335A3664297095DF00D2341A /* Hike.swift */; };
		335A366B2970962800D2341A /* GraphCapsule.swift in Sources */ = {isa = PBXBuildFile; fileRef = 335A36672970962800D2341A /* GraphCapsule.swift */; };
		335A366C2970962800D2341A /* HikeGraph.swift in Sources */ = {isa = PBXBuildFile; fileRef = 335A36682970962800D2341A /* HikeGraph.swift */; };
		335A366D2970962800D2341A /* HikeDetail.swift in Sources */ = {isa = PBXBuildFile; fileRef = 335A36692970962800D2341A /* HikeDetail.swift */; };
		335A366E2970962800D2341A /* HikeView.swift in Sources */ = {isa = PBXBuildFile; fileRef = 335A366A2970962800D2341A /* HikeView.swift */; };
		335DE153296CF68900E3075B /* LandmarksApp.swift in Sources */ = {isa = PBXBuildFile; fileRef = 335DE152296CF68900E3075B /* LandmarksApp.swift */; };
		335DE155296CF68900E3075B /* ContentView.swift in Sources */ = {isa = PBXBuildFile; fileRef = 335DE154296CF68900E3075B /* ContentView.swift */; };
		335DE157296CF68B00E3075B /* Assets.xcassets in Resources */ = {isa = PBXBuildFile; fileRef = 335DE156296CF68B00E3075B /* Assets.xcassets */; };
		335DE15A296CF68B00E3075B /* Preview Assets.xcassets in Resources */ = {isa = PBXBuildFile; fileRef = 335DE159296CF68B00E3075B /* Preview Assets.xcassets */; };
		335DE161296CFA3A00E3075B /* CircleImage.swift in Sources */ = {isa = PBXBuildFile; fileRef = 335DE160296CFA3A00E3075B /* CircleImage.swift */; };
		335DE163296CFAC800E3075B /* MapView.swift in Sources */ = {isa = PBXBuildFile; fileRef = 335DE162296CFAC800E3075B /* MapView.swift */; };
		33F9C9B32974768B00126F40 /* CategoryHome.swift in Sources */ = {isa = PBXBuildFile; fileRef = 33F9C9B22974768B00126F40 /* CategoryHome.swift */; };
		33F9C9B52974778E00126F40 /* CategoryRow.swift in Sources */ = {isa = PBXBuildFile; fileRef = 33F9C9B42974778E00126F40 /* CategoryRow.swift */; };
		33F9C9B7297477F700126F40 /* CategoryItem.swift in Sources */ = {isa = PBXBuildFile; fileRef = 33F9C9B6297477F700126F40 /* CategoryItem.swift */; };
		33F9C9B929747F8900126F40 /* Profile.swift in Sources */ = {isa = PBXBuildFile; fileRef = 33F9C9B829747F8900126F40 /* Profile.swift */; };
		33F9C9BC29747FCB00126F40 /* ProfileHost.swift in Sources */ = {isa = PBXBuildFile; fileRef = 33F9C9BB29747FCB00126F40 /* ProfileHost.swift */; };
		33F9C9BE2974801900126F40 /* ProfileSummary.swift in Sources */ = {isa = PBXBuildFile; fileRef = 33F9C9BD2974801900126F40 /* ProfileSummary.swift */; };
		33F9C9C02974805600126F40 /* HikeBadge.swift in Sources */ = {isa = PBXBuildFile; fileRef = 33F9C9BF2974805600126F40 /* HikeBadge.swift */; };
		33F9C9C22974820500126F40 /* ProfileEditor.swift in Sources */ = {isa = PBXBuildFile; fileRef = 33F9C9C12974820500126F40 /* ProfileEditor.swift */; };
/* End PBXBuildFile section */

/* Begin PBXFileReference section */
		335A3644296DF0E600D2341A /* landmarkData.json */ = {isa = PBXFileReference; fileEncoding = 4; lastKnownFileType = text.json; path = landmarkData.json; sourceTree = "<group>"; };
		335A3646296DF0FF00D2341A /* Landmark.swift */ = {isa = PBXFileReference; lastKnownFileType = sourcecode.swift; path = Landmark.swift; sourceTree = "<group>"; };
		335A3648296DF1CE00D2341A /* ModelData.swift */ = {isa = PBXFileReference; lastKnownFileType = sourcecode.swift; path = ModelData.swift; sourceTree = "<group>"; };
		335A364D296DF25300D2341A /* LandmarkRow.swift */ = {isa = PBXFileReference; lastKnownFileType = sourcecode.swift; path = LandmarkRow.swift; sourceTree = "<group>"; };
		335A364F296DF35700D2341A /* LandmarkList.swift */ = {isa = PBXFileReference; lastKnownFileType = sourcecode.swift; path = LandmarkList.swift; sourceTree = "<group>"; };
		335A3651296DF43000D2341A /* LandmarkDetail.swift */ = {isa = PBXFileReference; lastKnownFileType = sourcecode.swift; path = LandmarkDetail.swift; sourceTree = "<group>"; };
		335A3653296FAD6700D2341A /* FavoriteButton.swift */ = {isa = PBXFileReference; lastKnownFileType = sourcecode.swift; path = FavoriteButton.swift; sourceTree = "<group>"; };
		335A3657297085E900D2341A /* HexagonParameters.swift */ = {isa = PBXFileReference; lastKnownFileType = sourcecode.swift; path = HexagonParameters.swift; sourceTree = "<group>"; };
		335A36592970865100D2341A /* BadgeBackground.swift */ = {isa = PBXFileReference; lastKnownFileType = sourcecode.swift; path = BadgeBackground.swift; sourceTree = "<group>"; };
		335A365B29708BF300D2341A /* BadgeSymbol.swift */ = {isa = PBXFileReference; lastKnownFileType = sourcecode.swift; path = BadgeSymbol.swift; sourceTree = "<group>"; };
		335A365D29708C5E00D2341A /* RotatedBadgeSymbol.swift */ = {isa = PBXFileReference; lastKnownFileType = sourcecode.swift; path = RotatedBadgeSymbol.swift; sourceTree = "<group>"; };
		335A365F29708C8300D2341A /* Badge.swift */ = {isa = PBXFileReference; lastKnownFileType = sourcecode.swift; path = Badge.swift; sourceTree = "<group>"; };
		335A3662297095C600D2341A /* hikeData.json */ = {isa = PBXFileReference; fileEncoding = 4; lastKnownFileType = text.json; path = hikeData.json; sourceTree = "<group>"; };
		335A3664297095DF00D2341A /* Hike.swift */ = {isa = PBXFileReference; lastKnownFileType = sourcecode.swift; path = Hike.swift; sourceTree = "<group>"; };
		335A36672970962800D2341A /* GraphCapsule.swift */ = {isa = PBXFileReference; fileEncoding = 4; lastKnownFileType = sourcecode.swift; path = GraphCapsule.swift; sourceTree = "<group>"; };
		335A36682970962800D2341A /* HikeGraph.swift */ = {isa = PBXFileReference; fileEncoding = 4; lastKnownFileType = sourcecode.swift; path = HikeGraph.swift; sourceTree = "<group>"; };
		335A36692970962800D2341A /* HikeDetail.swift */ = {isa = PBXFileReference; fileEncoding = 4; lastKnownFileType = sourcecode.swift; path = HikeDetail.swift; sourceTree = "<group>"; };
		335A366A2970962800D2341A /* HikeView.swift */ = {isa = PBXFileReference; fileEncoding = 4; lastKnownFileType = sourcecode.swift; path = HikeView.swift; sourceTree = "<group>"; };
		335DE14F296CF68900E3075B /* Landmarks.app */ = {isa = PBXFileReference; explicitFileType = wrapper.application; includeInIndex = 0; path = Landmarks.app; sourceTree = BUILT_PRODUCTS_DIR; };
		335DE152296CF68900E3075B /* LandmarksApp.swift */ = {isa = PBXFileReference; lastKnownFileType = sourcecode.swift; path = LandmarksApp.swift; sourceTree = "<group>"; };
		335DE154296CF68900E3075B /* ContentView.swift */ = {isa = PBXFileReference; lastKnownFileType = sourcecode.swift; path = ContentView.swift; sourceTree = "<group>"; };
		335DE156296CF68B00E3075B /* Assets.xcassets */ = {isa = PBXFileReference; lastKnownFileType = folder.assetcatalog; path = Assets.xcassets; sourceTree = "<group>"; };
		335DE159296CF68B00E3075B /* Preview Assets.xcassets */ = {isa = PBXFileReference; lastKnownFileType = folder.assetcatalog; path = "Preview Assets.xcassets"; sourceTree = "<group>"; };
		335DE160296CFA3A00E3075B /* CircleImage.swift */ = {isa = PBXFileReference; lastKnownFileType = sourcecode.swift; path = CircleImage.swift; sourceTree = "<group>"; };
		335DE162296CFAC800E3075B /* MapView.swift */ = {isa = PBXFileReference; lastKnownFileType = sourcecode.swift; path = MapView.swift; sourceTree = "<group>"; };
		33F9C9B22974768B00126F40 /* CategoryHome.swift */ = {isa = PBXFileReference; lastKnownFileType = sourcecode.swift; path = CategoryHome.swift; sourceTree = "<group>"; };
		33F9C9B42974778E00126F40 /* CategoryRow.swift */ = {isa = PBXFileReference; lastKnownFileType = sourcecode.swift; path = CategoryRow.swift; sourceTree = "<group>"; };
		33F9C9B6297477F700126F40 /* CategoryItem.swift */ = {isa = PBXFileReference; lastKnownFileType = sourcecode.swift; path = CategoryItem.swift; sourceTree = "<group>"; };
		33F9C9B829747F8900126F40 /* Profile.swift */ = {isa = PBXFileReference; lastKnownFileType = sourcecode.swift; path = Profile.swift; sourceTree = "<group>"; };
		33F9C9BB29747FCB00126F40 /* ProfileHost.swift */ = {isa = PBXFileReference; lastKnownFileType = sourcecode.swift; path = ProfileHost.swift; sourceTree = "<group>"; };
		33F9C9BD2974801900126F40 /* ProfileSummary.swift */ = {isa = PBXFileReference; lastKnownFileType = sourcecode.swift; path = ProfileSummary.swift; sourceTree = "<group>"; };
		33F9C9BF2974805600126F40 /* HikeBadge.swift */ = {isa = PBXFileReference; lastKnownFileType = sourcecode.swift; path = HikeBadge.swift; sourceTree = "<group>"; };
		33F9C9C12974820500126F40 /* ProfileEditor.swift */ = {isa = PBXFileReference; lastKnownFileType = sourcecode.swift; path = ProfileEditor.swift; sourceTree = "<group>"; };
/* End PBXFileReference section */

/* Begin PBXFrameworksBuildPhase section */
		335DE14C296CF68900E3075B /* Frameworks */ = {
			isa = PBXFrameworksBuildPhase;
			buildActionMask = 2147483647;
			files = (
			);
			runOnlyForDeploymentPostprocessing = 0;
		};
/* End PBXFrameworksBuildPhase section */

/* Begin PBXGroup section */
		335A364A296DF1F600D2341A /* Views */ = {
			isa = PBXGroup;
			children = (
				33F9C9BA29747FB900126F40 /* Profiles */,
				33F9C9B12974766D00126F40 /* Categories */,
				335A36662970962800D2341A /* Hikes */,
				335A366129708CE800D2341A /* Badges */,
				335A3656296FADAD00D2341A /* Helpers */,
				335A3655296FADA500D2341A /* Landmarks */,
				335DE154296CF68900E3075B /* ContentView.swift */,
			);
			path = Views;
			sourceTree = "<group>";
		};
		335A364B296DF20C00D2341A /* Resources */ = {
			isa = PBXGroup;
			children = (
				335A3662297095C600D2341A /* hikeData.json */,
				335A3644296DF0E600D2341A /* landmarkData.json */,
			);
			path = Resources;
			sourceTree = "<group>";
		};
		335A364C296DF21B00D2341A /* Model */ = {
			isa = PBXGroup;
			children = (
				335A3646296DF0FF00D2341A /* Landmark.swift */,
				335A3648296DF1CE00D2341A /* ModelData.swift */,
				335A3664297095DF00D2341A /* Hike.swift */,
				33F9C9B829747F8900126F40 /* Profile.swift */,
			);
			path = Model;
			sourceTree = "<group>";
		};
		335A3655296FADA500D2341A /* Landmarks */ = {
			isa = PBXGroup;
			children = (
				335A3651296DF43000D2341A /* LandmarkDetail.swift */,
				335A364D296DF25300D2341A /* LandmarkRow.swift */,
				335A364F296DF35700D2341A /* LandmarkList.swift */,
			);
			path = Landmarks;
			sourceTree = "<group>";
		};
		335A3656296FADAD00D2341A /* Helpers */ = {
			isa = PBXGroup;
			children = (
				335DE160296CFA3A00E3075B /* CircleImage.swift */,
				335A3653296FAD6700D2341A /* FavoriteButton.swift */,
				335DE162296CFAC800E3075B /* MapView.swift */,
			);
			path = Helpers;
			sourceTree = "<group>";
		};
		335A366129708CE800D2341A /* Badges */ = {
			isa = PBXGroup;
			children = (
				335A365F29708C8300D2341A /* Badge.swift */,
				335A365D29708C5E00D2341A /* RotatedBadgeSymbol.swift */,
				335A36592970865100D2341A /* BadgeBackground.swift */,
				335A365B29708BF300D2341A /* BadgeSymbol.swift */,
				335A3657297085E900D2341A /* HexagonParameters.swift */,
			);
			path = Badges;
			sourceTree = "<group>";
		};
		335A36662970962800D2341A /* Hikes */ = {
			isa = PBXGroup;
			children = (
				335A36672970962800D2341A /* GraphCapsule.swift */,
				335A36682970962800D2341A /* HikeGraph.swift */,
				335A36692970962800D2341A /* HikeDetail.swift */,
				335A366A2970962800D2341A /* HikeView.swift */,
				33F9C9BF2974805600126F40 /* HikeBadge.swift */,
			);
			path = Hikes;
			sourceTree = "<group>";
		};
		335DE146296CF68900E3075B = {
			isa = PBXGroup;
			children = (
				335DE151296CF68900E3075B /* Landmarks */,
				335DE150296CF68900E3075B /* Products */,
			);
			sourceTree = "<group>";
		};
		335DE150296CF68900E3075B /* Products */ = {
			isa = PBXGroup;
			children = (
				335DE14F296CF68900E3075B /* Landmarks.app */,
			);
			name = Products;
			sourceTree = "<group>";
		};
		335DE151296CF68900E3075B /* Landmarks */ = {
			isa = PBXGroup;
			children = (
				335A364C296DF21B00D2341A /* Model */,
				335A364B296DF20C00D2341A /* Resources */,
				335A364A296DF1F600D2341A /* Views */,
				335DE152296CF68900E3075B /* LandmarksApp.swift */,
				335DE156296CF68B00E3075B /* Assets.xcassets */,
				335DE158296CF68B00E3075B /* Preview Content */,
			);
			path = Landmarks;
			sourceTree = "<group>";
		};
		335DE158296CF68B00E3075B /* Preview Content */ = {
			isa = PBXGroup;
			children = (
				335DE159296CF68B00E3075B /* Preview Assets.xcassets */,
			);
			path = "Preview Content";
			sourceTree = "<group>";
		};
		33F9C9B12974766D00126F40 /* Categories */ = {
			isa = PBXGroup;
			children = (
				33F9C9B22974768B00126F40 /* CategoryHome.swift */,
				33F9C9B42974778E00126F40 /* CategoryRow.swift */,
				33F9C9B6297477F700126F40 /* CategoryItem.swift */,
			);
			path = Categories;
			sourceTree = "<group>";
		};
		33F9C9BA29747FB900126F40 /* Profiles */ = {
			isa = PBXGroup;
			children = (
				33F9C9BB29747FCB00126F40 /* ProfileHost.swift */,
				33F9C9BD2974801900126F40 /* ProfileSummary.swift */,
				33F9C9C12974820500126F40 /* ProfileEditor.swift */,
			);
			path = Profiles;
			sourceTree = "<group>";
		};
/* End PBXGroup section */

/* Begin PBXNativeTarget section */
		335DE14E296CF68900E3075B /* Landmarks */ = {
			isa = PBXNativeTarget;
			buildConfigurationList = 335DE15D296CF68B00E3075B /* Build configuration list for PBXNativeTarget "Landmarks" */;
			buildPhases = (
				335DE14B296CF68900E3075B /* Sources */,
				335DE14C296CF68900E3075B /* Frameworks */,
				335DE14D296CF68900E3075B /* Resources */,
			);
			buildRules = (
			);
			dependencies = (
			);
			name = Landmarks;
			productName = Landmarks;
			productReference = 335DE14F296CF68900E3075B /* Landmarks.app */;
			productType = "com.apple.product-type.application";
		};
/* End PBXNativeTarget section */

/* Begin PBXProject section */
		335DE147296CF68900E3075B /* Project object */ = {
			isa = PBXProject;
			attributes = {
				BuildIndependentTargetsInParallel = 1;
				LastSwiftUpdateCheck = 1420;
				LastUpgradeCheck = 1420;
				TargetAttributes = {
					335DE14E296CF68900E3075B = {
						CreatedOnToolsVersion = 14.2;
					};
				};
			};
			buildConfigurationList = 335DE14A296CF68900E3075B /* Build configuration list for PBXProject "Landmarks" */;
			compatibilityVersion = "Xcode 14.0";
			developmentRegion = en;
			hasScannedForEncodings = 0;
			knownRegions = (
				en,
				Base,
			);
			mainGroup = 335DE146296CF68900E3075B;
			productRefGroup = 335DE150296CF68900E3075B /* Products */;
			projectDirPath = "";
			projectRoot = "";
			targets = (
				335DE14E296CF68900E3075B /* Landmarks */,
			);
		};
/* End PBXProject section */

/* Begin PBXResourcesBuildPhase section */
		335DE14D296CF68900E3075B /* Resources */ = {
			isa = PBXResourcesBuildPhase;
			buildActionMask = 2147483647;
			files = (
				335A3663297095C600D2341A /* hikeData.json in Resources */,
				335DE15A296CF68B00E3075B /* Preview Assets.xcassets in Resources */,
				335DE157296CF68B00E3075B /* Assets.xcassets in Resources */,
				335A3645296DF0E600D2341A /* landmarkData.json in Resources */,
			);
			runOnlyForDeploymentPostprocessing = 0;
		};
/* End PBXResourcesBuildPhase section */

/* Begin PBXSourcesBuildPhase section */
		335DE14B296CF68900E3075B /* Sources */ = {
			isa = PBXSourcesBuildPhase;
			buildActionMask = 2147483647;
			files = (
				33F9C9B52974778E00126F40 /* CategoryRow.swift in Sources */,
				33F9C9B929747F8900126F40 /* Profile.swift in Sources */,
				335DE155296CF68900E3075B /* ContentView.swift in Sources */,
				33F9C9B32974768B00126F40 /* CategoryHome.swift in Sources */,
				335A366C2970962800D2341A /* HikeGraph.swift in Sources */,
				335A366029708C8300D2341A /* Badge.swift in Sources */,
				335DE163296CFAC800E3075B /* MapView.swift in Sources */,
				335A366B2970962800D2341A /* GraphCapsule.swift in Sources */,
				335DE153296CF68900E3075B /* LandmarksApp.swift in Sources */,
				335A3654296FAD6700D2341A /* FavoriteButton.swift in Sources */,
				33F9C9B7297477F700126F40 /* CategoryItem.swift in Sources */,
				335A366D2970962800D2341A /* HikeDetail.swift in Sources */,
				33F9C9BE2974801900126F40 /* ProfileSummary.swift in Sources */,
				335A3658297085E900D2341A /* HexagonParameters.swift in Sources */,
				33F9C9BC29747FCB00126F40 /* ProfileHost.swift in Sources */,
				335A3665297095DF00D2341A /* Hike.swift in Sources */,
				335A365E29708C5E00D2341A /* RotatedBadgeSymbol.swift in Sources */,
				335A365C29708BF300D2341A /* BadgeSymbol.swift in Sources */,
				33F9C9C22974820500126F40 /* ProfileEditor.swift in Sources */,
				335A3650296DF35800D2341A /* LandmarkList.swift in Sources */,
				335A366E2970962800D2341A /* HikeView.swift in Sources */,
				335A3652296DF43000D2341A /* LandmarkDetail.swift in Sources */,
				335A365A2970865100D2341A /* BadgeBackground.swift in Sources */,
				33F9C9C02974805600126F40 /* HikeBadge.swift in Sources */,
				335DE161296CFA3A00E3075B /* CircleImage.swift in Sources */,
				335A3647296DF0FF00D2341A /* Landmark.swift in Sources */,
				335A364E296DF25300D2341A /* LandmarkRow.swift in Sources */,
				335A3649296DF1CE00D2341A /* ModelData.swift in Sources */,
			);
			runOnlyForDeploymentPostprocessing = 0;
		};
/* End PBXSourcesBuildPhase section */

/* Begin XCBuildConfiguration section */
		335DE15B296CF68B00E3075B /* Debug */ = {
			isa = XCBuildConfiguration;
			buildSettings = {
				ALWAYS_SEARCH_USER_PATHS = NO;
				CLANG_ANALYZER_NONNULL = YES;
				CLANG_ANALYZER_NUMBER_OBJECT_CONVERSION = YES_AGGRESSIVE;
				CLANG_CXX_LANGUAGE_STANDARD = "gnu++20";
				CLANG_ENABLE_MODULES = YES;
				CLANG_ENABLE_OBJC_ARC = YES;
				CLANG_ENABLE_OBJC_WEAK = YES;
				CLANG_WARN_BLOCK_CAPTURE_AUTORELEASING = YES;
				CLANG_WARN_BOOL_CONVERSION = YES;
				CLANG_WARN_COMMA = YES;
				CLANG_WARN_CONSTANT_CONVERSION = YES;
				CLANG_WARN_DEPRECATED_OBJC_IMPLEMENTATIONS = YES;
				CLANG_WARN_DIRECT_OBJC_ISA_USAGE = YES_ERROR;
				CLANG_WARN_DOCUMENTATION_COMMENTS = YES;
				CLANG_WARN_EMPTY_BODY = YES;
				CLANG_WARN_ENUM_CONVERSION = YES;
				CLANG_WARN_INFINITE_RECURSION = YES;
				CLANG_WARN_INT_CONVERSION = YES;
				CLANG_WARN_NON_LITERAL_NULL_CONVERSION = YES;
				CLANG_WARN_OBJC_IMPLICIT_RETAIN_SELF = YES;
				CLANG_WARN_OBJC_LITERAL_CONVERSION = YES;
				CLANG_WARN_OBJC_ROOT_CLASS = YES_ERROR;
				CLANG_WARN_QUOTED_INCLUDE_IN_FRAMEWORK_HEADER = YES;
				CLANG_WARN_RANGE_LOOP_ANALYSIS = YES;
				CLANG_WARN_STRICT_PROTOTYPES = YES;
				CLANG_WARN_SUSPICIOUS_MOVE = YES;
				CLANG_WARN_UNGUARDED_AVAILABILITY = YES_AGGRESSIVE;
				CLANG_WARN_UNREACHABLE_CODE = YES;
				CLANG_WARN__DUPLICATE_METHOD_MATCH = YES;
				COPY_PHASE_STRIP = NO;
				DEBUG_INFORMATION_FORMAT = dwarf;
				ENABLE_STRICT_OBJC_MSGSEND = YES;
				ENABLE_TESTABILITY = YES;
				GCC_C_LANGUAGE_STANDARD = gnu11;
				GCC_DYNAMIC_NO_PIC = NO;
				GCC_NO_COMMON_BLOCKS = YES;
				GCC_OPTIMIZATION_LEVEL = 0;
				GCC_PREPROCESSOR_DEFINITIONS = (
					"DEBUG=1",
					"$(inherited)",
				);
				GCC_WARN_64_TO_32_BIT_CONVERSION = YES;
				GCC_WARN_ABOUT_RETURN_TYPE = YES_ERROR;
				GCC_WARN_UNDECLARED_SELECTOR = YES;
				GCC_WARN_UNINITIALIZED_AUTOS = YES_AGGRESSIVE;
				GCC_WARN_UNUSED_FUNCTION = YES;
				GCC_WARN_UNUSED_VARIABLE = YES;
				IPHONEOS_DEPLOYMENT_TARGET = 16.2;
				MTL_ENABLE_DEBUG_INFO = INCLUDE_SOURCE;
				MTL_FAST_MATH = YES;
				ONLY_ACTIVE_ARCH = YES;
				SDKROOT = iphoneos;
				SWIFT_ACTIVE_COMPILATION_CONDITIONS = DEBUG;
				SWIFT_OPTIMIZATION_LEVEL = "-Onone";
			};
			name = Debug;
		};
		335DE15C296CF68B00E3075B /* Release */ = {
			isa = XCBuildConfiguration;
			buildSettings = {
				ALWAYS_SEARCH_USER_PATHS = NO;
				CLANG_ANALYZER_NONNULL = YES;
				CLANG_ANALYZER_NUMBER_OBJECT_CONVERSION = YES_AGGRESSIVE;
				CLANG_CXX_LANGUAGE_STANDARD = "gnu++20";
				CLANG_ENABLE_MODULES = YES;
				CLANG_ENABLE_OBJC_ARC = YES;
				CLANG_ENABLE_OBJC_WEAK = YES;
				CLANG_WARN_BLOCK_CAPTURE_AUTORELEASING = YES;
				CLANG_WARN_BOOL_CONVERSION = YES;
				CLANG_WARN_COMMA = YES;
				CLANG_WARN_CONSTANT_CONVERSION = YES;
				CLANG_WARN_DEPRECATED_OBJC_IMPLEMENTATIONS = YES;
				CLANG_WARN_DIRECT_OBJC_ISA_USAGE = YES_ERROR;
				CLANG_WARN_DOCUMENTATION_COMMENTS = YES;
				CLANG_WARN_EMPTY_BODY = YES;
				CLANG_WARN_ENUM_CONVERSION = YES;
				CLANG_WARN_INFINITE_RECURSION = YES;
				CLANG_WARN_INT_CONVERSION = YES;
				CLANG_WARN_NON_LITERAL_NULL_CONVERSION = YES;
				CLANG_WARN_OBJC_IMPLICIT_RETAIN_SELF = YES;
				CLANG_WARN_OBJC_LITERAL_CONVERSION = YES;
				CLANG_WARN_OBJC_ROOT_CLASS = YES_ERROR;
				CLANG_WARN_QUOTED_INCLUDE_IN_FRAMEWORK_HEADER = YES;
				CLANG_WARN_RANGE_LOOP_ANALYSIS = YES;
				CLANG_WARN_STRICT_PROTOTYPES = YES;
				CLANG_WARN_SUSPICIOUS_MOVE = YES;
				CLANG_WARN_UNGUARDED_AVAILABILITY = YES_AGGRESSIVE;
				CLANG_WARN_UNREACHABLE_CODE = YES;
				CLANG_WARN__DUPLICATE_METHOD_MATCH = YES;
				COPY_PHASE_STRIP = NO;
				DEBUG_INFORMATION_FORMAT = "dwarf-with-dsym";
				ENABLE_NS_ASSERTIONS = NO;
				ENABLE_STRICT_OBJC_MSGSEND = YES;
				GCC_C_LANGUAGE_STANDARD = gnu11;
				GCC_NO_COMMON_BLOCKS = YES;
				GCC_WARN_64_TO_32_BIT_CONVERSION = YES;
				GCC_WARN_ABOUT_RETURN_TYPE = YES_ERROR;
				GCC_WARN_UNDECLARED_SELECTOR = YES;
				GCC_WARN_UNINITIALIZED_AUTOS = YES_AGGRESSIVE;
				GCC_WARN_UNUSED_FUNCTION = YES;
				GCC_WARN_UNUSED_VARIABLE = YES;
				IPHONEOS_DEPLOYMENT_TARGET = 16.2;
				MTL_ENABLE_DEBUG_INFO = NO;
				MTL_FAST_MATH = YES;
				SDKROOT = iphoneos;
				SWIFT_COMPILATION_MODE = wholemodule;
				SWIFT_OPTIMIZATION_LEVEL = "-O";
				VALIDATE_PRODUCT = YES;
			};
			name = Release;
		};
		335DE15E296CF68B00E3075B /* Debug */ = {
			isa = XCBuildConfiguration;
			buildSettings = {
				ASSETCATALOG_COMPILER_APPICON_NAME = AppIcon;
				ASSETCATALOG_COMPILER_GLOBAL_ACCENT_COLOR_NAME = AccentColor;
				CODE_SIGN_STYLE = Automatic;
				CURRENT_PROJECT_VERSION = 1;
				DEVELOPMENT_ASSET_PATHS = "\"Landmarks/Preview Content\"";
				DEVELOPMENT_TEAM = 6J56K8PS36;
				ENABLE_PREVIEWS = YES;
				GENERATE_INFOPLIST_FILE = YES;
				INFOPLIST_KEY_UIApplicationSceneManifest_Generation = YES;
				INFOPLIST_KEY_UIApplicationSupportsIndirectInputEvents = YES;
				INFOPLIST_KEY_UILaunchScreen_Generation = YES;
				INFOPLIST_KEY_UISupportedInterfaceOrientations_iPad = "UIInterfaceOrientationPortrait UIInterfaceOrientationPortraitUpsideDown UIInterfaceOrientationLandscapeLeft UIInterfaceOrientationLandscapeRight";
				INFOPLIST_KEY_UISupportedInterfaceOrientations_iPhone = "UIInterfaceOrientationPortrait UIInterfaceOrientationLandscapeLeft UIInterfaceOrientationLandscapeRight";
				LD_RUNPATH_SEARCH_PATHS = (
					"$(inherited)",
					"@executable_path/Frameworks",
				);
				MARKETING_VERSION = 1.0;
				PRODUCT_BUNDLE_IDENTIFIER = danielhaven.Landmarks;
				PRODUCT_NAME = "$(TARGET_NAME)";
				SWIFT_EMIT_LOC_STRINGS = YES;
				SWIFT_VERSION = 5.0;
				TARGETED_DEVICE_FAMILY = "1,2";
			};
			name = Debug;
		};
		335DE15F296CF68B00E3075B /* Release */ = {
			isa = XCBuildConfiguration;
			buildSettings = {
				ASSETCATALOG_COMPILER_APPICON_NAME = AppIcon;
				ASSETCATALOG_COMPILER_GLOBAL_ACCENT_COLOR_NAME = AccentColor;
				CODE_SIGN_STYLE = Automatic;
				CURRENT_PROJECT_VERSION = 1;
				DEVELOPMENT_ASSET_PATHS = "\"Landmarks/Preview Content\"";
				DEVELOPMENT_TEAM = 6J56K8PS36;
				ENABLE_PREVIEWS = YES;
				GENERATE_INFOPLIST_FILE = YES;
				INFOPLIST_KEY_UIApplicationSceneManifest_Generation = YES;
				INFOPLIST_KEY_UIApplicationSupportsIndirectInputEvents = YES;
				INFOPLIST_KEY_UILaunchScreen_Generation = YES;
				INFOPLIST_KEY_UISupportedInterfaceOrientations_iPad = "UIInterfaceOrientationPortrait UIInterfaceOrientationPortraitUpsideDown UIInterfaceOrientationLandscapeLeft UIInterfaceOrientationLandscapeRight";
				INFOPLIST_KEY_UISupportedInterfaceOrientations_iPhone = "UIInterfaceOrientationPortrait UIInterfaceOrientationLandscapeLeft UIInterfaceOrientationLandscapeRight";
				LD_RUNPATH_SEARCH_PATHS = (
					"$(inherited)",
					"@executable_path/Frameworks",
				);
				MARKETING_VERSION = 1.0;
				PRODUCT_BUNDLE_IDENTIFIER = danielhaven.Landmarks;
				PRODUCT_NAME = "$(TARGET_NAME)";
				SWIFT_EMIT_LOC_STRINGS = YES;
				SWIFT_VERSION = 5.0;
				TARGETED_DEVICE_FAMILY = "1,2";
			};
			name = Release;
		};
/* End XCBuildConfiguration section */

/* Begin XCConfigurationList section */
		335DE14A296CF68900E3075B /* Build configuration list for PBXProject "Landmarks" */ = {
			isa = XCConfigurationList;
			buildConfigurations = (
				335DE15B296CF68B00E3075B /* Debug */,
				335DE15C296CF68B00E3075B /* Release */,
			);
			defaultConfigurationIsVisible = 0;
			defaultConfigurationName = Release;
		};
		335DE15D296CF68B00E3075B /* Build configuration list for PBXNativeTarget "Landmarks" */ = {
			isa = XCConfigurationList;
			buildConfigurations = (
				335DE15E296CF68B00E3075B /* Debug */,
				335DE15F296CF68B00E3075B /* Release */,
			);
			defaultConfigurationIsVisible = 0;
			defaultConfigurationName = Release;
		};
/* End XCConfigurationList section */
	};
	rootObject = 335DE147296CF68900E3075B /* Project object */;
}
